{
  "version": 4,
  "terraform_version": "1.1.4",
  "serial": 16,
  "lineage": "44f9c737-3bfe-f520-487b-f880ab6a81bb",
  "outputs": {
    "external_ip_address_node01": {
      "value": "178.154.201.219",
      "type": "string"
    },
    "external_ip_address_node02": {
      "value": "178.154.206.25",
      "type": "string"
    },
    "external_ip_address_node03": {
      "value": "51.250.4.146",
      "type": "string"
    },
    "external_ip_address_node04": {
      "value": "178.154.205.112",
      "type": "string"
    },
    "external_ip_address_node05": {
      "value": "51.250.0.200",
      "type": "string"
    },
    "external_ip_address_node06": {
      "value": "130.193.38.230",
      "type": "string"
    },
    "internal_ip_address_node01": {
      "value": "192.168.101.11",
      "type": "string"
    },
    "internal_ip_address_node02": {
      "value": "192.168.101.12",
      "type": "string"
    },
    "internal_ip_address_node03": {
      "value": "192.168.101.13",
      "type": "string"
    },
    "internal_ip_address_node04": {
      "value": "192.168.101.14",
      "type": "string"
    },
    "internal_ip_address_node05": {
      "value": "192.168.101.15",
      "type": "string"
    },
    "internal_ip_address_node06": {
      "value": "192.168.101.16",
      "type": "string"
    }
  },
  "resources": [
    {
      "mode": "managed",
      "type": "local_file",
      "name": "inventory",
      "provider": "provider[\"registry.terraform.io/hashicorp/local\"]",
      "instances": [
        {
          "schema_version": 0,
          "attributes": {
            "content": "# Ansible inventory containing variable values from Terraform.\n# Generated by Terraform.\n[nodes:children]\nmanagers\nworkers\n[managers:children]\nactive\nstandby\n[active]\nnode01.netology.yc ansible_host=178.154.201.219\n[standby]\nnode02.netology.yc ansible_host=178.154.206.25\nnode03.netology.yc ansible_host=51.250.4.146\n[workers]\nnode04.netology.yc ansible_host=178.154.205.112\nnode05.netology.yc ansible_host=51.250.0.200\nnode06.netology.yc ansible_host=130.193.38.230\n",
            "content_base64": null,
            "directory_permission": "0777",
            "file_permission": "0777",
            "filename": "../ansible/inventory",
            "id": "aa9516e46a7376392c2caf0d76b3d63a21c655fe",
            "sensitive_content": null,
            "source": null
          },
          "sensitive_attributes": [],
          "private": "bnVsbA==",
          "dependencies": [
            "yandex_compute_instance.node01",
            "yandex_compute_instance.node02",
            "yandex_compute_instance.node03",
            "yandex_compute_instance.node04",
            "yandex_compute_instance.node05",
            "yandex_compute_instance.node06",
            "yandex_vpc_network.default",
            "yandex_vpc_subnet.default"
          ]
        }
      ]
    },
    {
      "mode": "managed",
      "type": "null_resource",
      "name": "cluster",
      "provider": "provider[\"registry.terraform.io/hashicorp/null\"]",
      "instances": [
        {
          "schema_version": 0,
          "attributes": {
            "id": "8012111396138219407",
            "triggers": null
          },
          "sensitive_attributes": [],
          "private": "bnVsbA==",
          "dependencies": [
            "local_file.inventory",
            "null_resource.wait",
            "yandex_compute_instance.node01",
            "yandex_compute_instance.node02",
            "yandex_compute_instance.node03",
            "yandex_compute_instance.node04",
            "yandex_compute_instance.node05",
            "yandex_compute_instance.node06",
            "yandex_vpc_network.default",
            "yandex_vpc_subnet.default"
          ]
        }
      ]
    },
    {
      "mode": "managed",
      "type": "null_resource",
      "name": "monitoring",
      "provider": "provider[\"registry.terraform.io/hashicorp/null\"]",
      "instances": [
        {
          "schema_version": 0,
          "attributes": {
            "id": "1308393010533416566",
            "triggers": null
          },
          "sensitive_attributes": [],
          "private": "bnVsbA==",
          "dependencies": [
            "local_file.inventory",
            "null_resource.cluster",
            "null_resource.sync",
            "null_resource.wait",
            "yandex_compute_instance.node01",
            "yandex_compute_instance.node02",
            "yandex_compute_instance.node03",
            "yandex_compute_instance.node04",
            "yandex_compute_instance.node05",
            "yandex_compute_instance.node06",
            "yandex_vpc_network.default",
            "yandex_vpc_subnet.default"
          ]
        }
      ]
    },
    {
      "mode": "managed",
      "type": "null_resource",
      "name": "sync",
      "provider": "provider[\"registry.terraform.io/hashicorp/null\"]",
      "instances": [
        {
          "schema_version": 0,
          "attributes": {
            "id": "2856798658841409708",
            "triggers": null
          },
          "sensitive_attributes": [],
          "private": "bnVsbA==",
          "dependencies": [
            "local_file.inventory",
            "null_resource.cluster",
            "null_resource.wait",
            "yandex_compute_instance.node01",
            "yandex_compute_instance.node02",
            "yandex_compute_instance.node03",
            "yandex_compute_instance.node04",
            "yandex_compute_instance.node05",
            "yandex_compute_instance.node06",
            "yandex_vpc_network.default",
            "yandex_vpc_subnet.default"
          ]
        }
      ]
    },
    {
      "mode": "managed",
      "type": "null_resource",
      "name": "wait",
      "provider": "provider[\"registry.terraform.io/hashicorp/null\"]",
      "instances": [
        {
          "schema_version": 0,
          "attributes": {
            "id": "1762094235901415422",
            "triggers": null
          },
          "sensitive_attributes": [],
          "private": "bnVsbA==",
          "dependencies": [
            "local_file.inventory",
            "yandex_compute_instance.node01",
            "yandex_compute_instance.node02",
            "yandex_compute_instance.node03",
            "yandex_compute_instance.node04",
            "yandex_compute_instance.node05",
            "yandex_compute_instance.node06",
            "yandex_vpc_network.default",
            "yandex_vpc_subnet.default"
          ]
        }
      ]
    },
    {
      "mode": "managed",
      "type": "yandex_compute_instance",
      "name": "node01",
      "provider": "provider[\"registry.terraform.io/yandex-cloud/yandex\"]",
      "instances": [
        {
          "schema_version": 1,
          "attributes": {
            "allow_stopping_for_update": true,
            "boot_disk": [
              {
                "auto_delete": true,
                "device_name": "fhmrms8vefdsojuol3g5",
                "disk_id": "fhmrms8vefdsojuol3g5",
                "initialize_params": [
                  {
                    "block_size": 4096,
                    "description": "",
                    "image_id": "fd8o8nvsghk661q17ffd",
                    "name": "root-node01",
                    "size": 10,
                    "snapshot_id": "",
                    "type": "network-ssd"
                  }
                ],
                "mode": "READ_WRITE"
              }
            ],
            "created_at": "2022-02-06T15:57:24Z",
            "description": "",
            "folder_id": "b1gbdtedb4koa56sb2rr",
            "fqdn": "node01.netology.yc",
            "hostname": "node01",
            "id": "fhmeqkqofnll59p70r7r",
            "labels": null,
            "metadata": {
              "ssh-keys": "centos:ssh-rsa AAAAB3NzaC1yc2EAAAADAQABAAABAQCgv8ZS0qoYho1iL8m98Mx7TGQt0VibgWLcJsHuVJlLoPCVLMrWq9+qjMYyUvuaRvsB/x/Hog6zTuhOLBoIEBI0OA5VIPmk83735GjPv1mwFB6oD9t6JTS8xqNe2gZdE5vtVPJG8e6SKBseIQwmzsGtDNi/U2GBgoIVHhcTvs7CGCRJl9OsXaOEmr8bnFL9B2JJb0z38+/QUxoXMTViZkd15Fq38B2GbnKCSqj/b1mca/zOozSngUh/5JrpdbNIVz8S2nocnISBgYeuIP2A5S2Ex1cpU4mS81gnZbT/KdhmcwtbckLO0721c8D1cpT1nAUfJWVxul1GBnProCcF11IV root@host-63\n"
            },
            "name": "node01",
            "network_acceleration_type": "standard",
            "network_interface": [
              {
                "dns_record": [],
                "index": 0,
                "ip_address": "192.168.101.11",
                "ipv4": true,
                "ipv6": false,
                "ipv6_address": "",
                "ipv6_dns_record": [],
                "mac_address": "d0:0d:ed:53:58:7d",
                "nat": true,
                "nat_dns_record": [],
                "nat_ip_address": "178.154.201.219",
                "nat_ip_version": "IPV4",
                "security_group_ids": [],
                "subnet_id": "e9bil4adei11gnq4ci14"
              }
            ],
            "placement_policy": [
              {
                "placement_group_id": ""
              }
            ],
            "platform_id": "standard-v1",
            "resources": [
              {
                "core_fraction": 100,
                "cores": 4,
                "gpus": 0,
                "memory": 8
              }
            ],
            "scheduling_policy": [
              {
                "preemptible": false
              }
            ],
            "secondary_disk": [],
            "service_account_id": "",
            "status": "running",
            "timeouts": null,
            "zone": "ru-central1-a"
          },
          "sensitive_attributes": [],
          "private": "eyJlMmJmYjczMC1lY2FhLTExZTYtOGY4OC0zNDM2M2JjN2M0YzAiOnsiY3JlYXRlIjozMDAwMDAwMDAwMDAsImRlbGV0ZSI6MzAwMDAwMDAwMDAwLCJ1cGRhdGUiOjMwMDAwMDAwMDAwMH0sInNjaGVtYV92ZXJzaW9uIjoiMSJ9",
          "dependencies": [
            "yandex_vpc_network.default",
            "yandex_vpc_subnet.default"
          ]
        }
      ]
    },
    {
      "mode": "managed",
      "type": "yandex_compute_instance",
      "name": "node02",
      "provider": "provider[\"registry.terraform.io/yandex-cloud/yandex\"]",
      "instances": [
        {
          "schema_version": 1,
          "attributes": {
            "allow_stopping_for_update": true,
            "boot_disk": [
              {
                "auto_delete": true,
                "device_name": "fhm6ka4eberrqmf75pqd",
                "disk_id": "fhm6ka4eberrqmf75pqd",
                "initialize_params": [
                  {
                    "block_size": 4096,
                    "description": "",
                    "image_id": "fd8o8nvsghk661q17ffd",
                    "name": "root-node02",
                    "size": 10,
                    "snapshot_id": "",
                    "type": "network-ssd"
                  }
                ],
                "mode": "READ_WRITE"
              }
            ],
            "created_at": "2022-02-06T15:57:24Z",
            "description": "",
            "folder_id": "b1gbdtedb4koa56sb2rr",
            "fqdn": "node02.netology.yc",
            "hostname": "node02",
            "id": "fhmkatlufjdpprq9jmt4",
            "labels": null,
            "metadata": {
              "ssh-keys": "centos:ssh-rsa AAAAB3NzaC1yc2EAAAADAQABAAABAQCgv8ZS0qoYho1iL8m98Mx7TGQt0VibgWLcJsHuVJlLoPCVLMrWq9+qjMYyUvuaRvsB/x/Hog6zTuhOLBoIEBI0OA5VIPmk83735GjPv1mwFB6oD9t6JTS8xqNe2gZdE5vtVPJG8e6SKBseIQwmzsGtDNi/U2GBgoIVHhcTvs7CGCRJl9OsXaOEmr8bnFL9B2JJb0z38+/QUxoXMTViZkd15Fq38B2GbnKCSqj/b1mca/zOozSngUh/5JrpdbNIVz8S2nocnISBgYeuIP2A5S2Ex1cpU4mS81gnZbT/KdhmcwtbckLO0721c8D1cpT1nAUfJWVxul1GBnProCcF11IV root@host-63\n"
            },
            "name": "node02",
            "network_acceleration_type": "standard",
            "network_interface": [
              {
                "dns_record": [],
                "index": 0,
                "ip_address": "192.168.101.12",
                "ipv4": true,
                "ipv6": false,
                "ipv6_address": "",
                "ipv6_dns_record": [],
                "mac_address": "d0:0d:14:57:6b:e7",
                "nat": true,
                "nat_dns_record": [],
                "nat_ip_address": "178.154.206.25",
                "nat_ip_version": "IPV4",
                "security_group_ids": [],
                "subnet_id": "e9bil4adei11gnq4ci14"
              }
            ],
            "placement_policy": [
              {
                "placement_group_id": ""
              }
            ],
            "platform_id": "standard-v1",
            "resources": [
              {
                "core_fraction": 100,
                "cores": 4,
                "gpus": 0,
                "memory": 8
              }
            ],
            "scheduling_policy": [
              {
                "preemptible": false
              }
            ],
            "secondary_disk": [],
            "service_account_id": "",
            "status": "running",
            "timeouts": null,
            "zone": "ru-central1-a"
          },
          "sensitive_attributes": [],
          "private": "eyJlMmJmYjczMC1lY2FhLTExZTYtOGY4OC0zNDM2M2JjN2M0YzAiOnsiY3JlYXRlIjozMDAwMDAwMDAwMDAsImRlbGV0ZSI6MzAwMDAwMDAwMDAwLCJ1cGRhdGUiOjMwMDAwMDAwMDAwMH0sInNjaGVtYV92ZXJzaW9uIjoiMSJ9",
          "dependencies": [
            "yandex_vpc_network.default",
            "yandex_vpc_subnet.default"
          ]
        }
      ]
    },
    {
      "mode": "managed",
      "type": "yandex_compute_instance",
      "name": "node03",
      "provider": "provider[\"registry.terraform.io/yandex-cloud/yandex\"]",
      "instances": [
        {
          "schema_version": 1,
          "attributes": {
            "allow_stopping_for_update": true,
            "boot_disk": [
              {
                "auto_delete": true,
                "device_name": "fhm20c6kphfl94ckpivo",
                "disk_id": "fhm20c6kphfl94ckpivo",
                "initialize_params": [
                  {
                    "block_size": 4096,
                    "description": "",
                    "image_id": "fd8o8nvsghk661q17ffd",
                    "name": "root-node03",
                    "size": 10,
                    "snapshot_id": "",
                    "type": "network-ssd"
                  }
                ],
                "mode": "READ_WRITE"
              }
            ],
            "created_at": "2022-02-06T15:57:25Z",
            "description": "",
            "folder_id": "b1gbdtedb4koa56sb2rr",
            "fqdn": "node03.netology.yc",
            "hostname": "node03",
            "id": "fhm9d0k58qhk7qiq1a3c",
            "labels": null,
            "metadata": {
              "ssh-keys": "centos:ssh-rsa AAAAB3NzaC1yc2EAAAADAQABAAABAQCgv8ZS0qoYho1iL8m98Mx7TGQt0VibgWLcJsHuVJlLoPCVLMrWq9+qjMYyUvuaRvsB/x/Hog6zTuhOLBoIEBI0OA5VIPmk83735GjPv1mwFB6oD9t6JTS8xqNe2gZdE5vtVPJG8e6SKBseIQwmzsGtDNi/U2GBgoIVHhcTvs7CGCRJl9OsXaOEmr8bnFL9B2JJb0z38+/QUxoXMTViZkd15Fq38B2GbnKCSqj/b1mca/zOozSngUh/5JrpdbNIVz8S2nocnISBgYeuIP2A5S2Ex1cpU4mS81gnZbT/KdhmcwtbckLO0721c8D1cpT1nAUfJWVxul1GBnProCcF11IV root@host-63\n"
            },
            "name": "node03",
            "network_acceleration_type": "standard",
            "network_interface": [
              {
                "dns_record": [],
                "index": 0,
                "ip_address": "192.168.101.13",
                "ipv4": true,
                "ipv6": false,
                "ipv6_address": "",
                "ipv6_dns_record": [],
                "mac_address": "d0:0d:96:82:85:46",
                "nat": true,
                "nat_dns_record": [],
                "nat_ip_address": "51.250.4.146",
                "nat_ip_version": "IPV4",
                "security_group_ids": [],
                "subnet_id": "e9bil4adei11gnq4ci14"
              }
            ],
            "placement_policy": [
              {
                "placement_group_id": ""
              }
            ],
            "platform_id": "standard-v1",
            "resources": [
              {
                "core_fraction": 100,
                "cores": 4,
                "gpus": 0,
                "memory": 8
              }
            ],
            "scheduling_policy": [
              {
                "preemptible": false
              }
            ],
            "secondary_disk": [],
            "service_account_id": "",
            "status": "running",
            "timeouts": null,
            "zone": "ru-central1-a"
          },
          "sensitive_attributes": [],
          "private": "eyJlMmJmYjczMC1lY2FhLTExZTYtOGY4OC0zNDM2M2JjN2M0YzAiOnsiY3JlYXRlIjozMDAwMDAwMDAwMDAsImRlbGV0ZSI6MzAwMDAwMDAwMDAwLCJ1cGRhdGUiOjMwMDAwMDAwMDAwMH0sInNjaGVtYV92ZXJzaW9uIjoiMSJ9",
          "dependencies": [
            "yandex_vpc_network.default",
            "yandex_vpc_subnet.default"
          ]
        }
      ]
    },
    {
      "mode": "managed",
      "type": "yandex_compute_instance",
      "name": "node04",
      "provider": "provider[\"registry.terraform.io/yandex-cloud/yandex\"]",
      "instances": [
        {
          "schema_version": 1,
          "attributes": {
            "allow_stopping_for_update": true,
            "boot_disk": [
              {
                "auto_delete": true,
                "device_name": "fhmr8cp6s7ui19dj9i4h",
                "disk_id": "fhmr8cp6s7ui19dj9i4h",
                "initialize_params": [
                  {
                    "block_size": 4096,
                    "description": "",
                    "image_id": "fd8o8nvsghk661q17ffd",
                    "name": "root-node04",
                    "size": 40,
                    "snapshot_id": "",
                    "type": "network-ssd"
                  }
                ],
                "mode": "READ_WRITE"
              }
            ],
            "created_at": "2022-02-06T15:57:24Z",
            "description": "",
            "folder_id": "b1gbdtedb4koa56sb2rr",
            "fqdn": "node04.netology.yc",
            "hostname": "node04",
            "id": "fhmtmhpc4qoleajtpbqu",
            "labels": null,
            "metadata": {
              "ssh-keys": "centos:ssh-rsa AAAAB3NzaC1yc2EAAAADAQABAAABAQCgv8ZS0qoYho1iL8m98Mx7TGQt0VibgWLcJsHuVJlLoPCVLMrWq9+qjMYyUvuaRvsB/x/Hog6zTuhOLBoIEBI0OA5VIPmk83735GjPv1mwFB6oD9t6JTS8xqNe2gZdE5vtVPJG8e6SKBseIQwmzsGtDNi/U2GBgoIVHhcTvs7CGCRJl9OsXaOEmr8bnFL9B2JJb0z38+/QUxoXMTViZkd15Fq38B2GbnKCSqj/b1mca/zOozSngUh/5JrpdbNIVz8S2nocnISBgYeuIP2A5S2Ex1cpU4mS81gnZbT/KdhmcwtbckLO0721c8D1cpT1nAUfJWVxul1GBnProCcF11IV root@host-63\n"
            },
            "name": "node04",
            "network_acceleration_type": "standard",
            "network_interface": [
              {
                "dns_record": [],
                "index": 0,
                "ip_address": "192.168.101.14",
                "ipv4": true,
                "ipv6": false,
                "ipv6_address": "",
                "ipv6_dns_record": [],
                "mac_address": "d0:0d:1d:b4:72:c2",
                "nat": true,
                "nat_dns_record": [],
                "nat_ip_address": "178.154.205.112",
                "nat_ip_version": "IPV4",
                "security_group_ids": [],
                "subnet_id": "e9bil4adei11gnq4ci14"
              }
            ],
            "placement_policy": [
              {
                "placement_group_id": ""
              }
            ],
            "platform_id": "standard-v1",
            "resources": [
              {
                "core_fraction": 100,
                "cores": 4,
                "gpus": 0,
                "memory": 8
              }
            ],
            "scheduling_policy": [
              {
                "preemptible": false
              }
            ],
            "secondary_disk": [],
            "service_account_id": "",
            "status": "running",
            "timeouts": null,
            "zone": "ru-central1-a"
          },
          "sensitive_attributes": [],
          "private": "eyJlMmJmYjczMC1lY2FhLTExZTYtOGY4OC0zNDM2M2JjN2M0YzAiOnsiY3JlYXRlIjozMDAwMDAwMDAwMDAsImRlbGV0ZSI6MzAwMDAwMDAwMDAwLCJ1cGRhdGUiOjMwMDAwMDAwMDAwMH0sInNjaGVtYV92ZXJzaW9uIjoiMSJ9",
          "dependencies": [
            "yandex_vpc_network.default",
            "yandex_vpc_subnet.default"
          ]
        }
      ]
    },
    {
      "mode": "managed",
      "type": "yandex_compute_instance",
      "name": "node05",
      "provider": "provider[\"registry.terraform.io/yandex-cloud/yandex\"]",
      "instances": [
        {
          "schema_version": 1,
          "attributes": {
            "allow_stopping_for_update": true,
            "boot_disk": [
              {
                "auto_delete": true,
                "device_name": "fhmg6ofdr2ag9s706973",
                "disk_id": "fhmg6ofdr2ag9s706973",
                "initialize_params": [
                  {
                    "block_size": 4096,
                    "description": "",
                    "image_id": "fd8o8nvsghk661q17ffd",
                    "name": "root-node05",
                    "size": 40,
                    "snapshot_id": "",
                    "type": "network-ssd"
                  }
                ],
                "mode": "READ_WRITE"
              }
            ],
            "created_at": "2022-02-06T15:57:25Z",
            "description": "",
            "folder_id": "b1gbdtedb4koa56sb2rr",
            "fqdn": "node05.netology.yc",
            "hostname": "node05",
            "id": "fhmcrpiompsl1ro1jng0",
            "labels": null,
            "metadata": {
              "ssh-keys": "centos:ssh-rsa AAAAB3NzaC1yc2EAAAADAQABAAABAQCgv8ZS0qoYho1iL8m98Mx7TGQt0VibgWLcJsHuVJlLoPCVLMrWq9+qjMYyUvuaRvsB/x/Hog6zTuhOLBoIEBI0OA5VIPmk83735GjPv1mwFB6oD9t6JTS8xqNe2gZdE5vtVPJG8e6SKBseIQwmzsGtDNi/U2GBgoIVHhcTvs7CGCRJl9OsXaOEmr8bnFL9B2JJb0z38+/QUxoXMTViZkd15Fq38B2GbnKCSqj/b1mca/zOozSngUh/5JrpdbNIVz8S2nocnISBgYeuIP2A5S2Ex1cpU4mS81gnZbT/KdhmcwtbckLO0721c8D1cpT1nAUfJWVxul1GBnProCcF11IV root@host-63\n"
            },
            "name": "node05",
            "network_acceleration_type": "standard",
            "network_interface": [
              {
                "dns_record": [],
                "index": 0,
                "ip_address": "192.168.101.15",
                "ipv4": true,
                "ipv6": false,
                "ipv6_address": "",
                "ipv6_dns_record": [],
                "mac_address": "d0:0d:cd:e6:58:b6",
                "nat": true,
                "nat_dns_record": [],
                "nat_ip_address": "51.250.0.200",
                "nat_ip_version": "IPV4",
                "security_group_ids": [],
                "subnet_id": "e9bil4adei11gnq4ci14"
              }
            ],
            "placement_policy": [
              {
                "placement_group_id": ""
              }
            ],
            "platform_id": "standard-v1",
            "resources": [
              {
                "core_fraction": 100,
                "cores": 4,
                "gpus": 0,
                "memory": 8
              }
            ],
            "scheduling_policy": [
              {
                "preemptible": false
              }
            ],
            "secondary_disk": [],
            "service_account_id": "",
            "status": "running",
            "timeouts": null,
            "zone": "ru-central1-a"
          },
          "sensitive_attributes": [],
          "private": "eyJlMmJmYjczMC1lY2FhLTExZTYtOGY4OC0zNDM2M2JjN2M0YzAiOnsiY3JlYXRlIjozMDAwMDAwMDAwMDAsImRlbGV0ZSI6MzAwMDAwMDAwMDAwLCJ1cGRhdGUiOjMwMDAwMDAwMDAwMH0sInNjaGVtYV92ZXJzaW9uIjoiMSJ9",
          "dependencies": [
            "yandex_vpc_network.default",
            "yandex_vpc_subnet.default"
          ]
        }
      ]
    },
    {
      "mode": "managed",
      "type": "yandex_compute_instance",
      "name": "node06",
      "provider": "provider[\"registry.terraform.io/yandex-cloud/yandex\"]",
      "instances": [
        {
          "schema_version": 1,
          "attributes": {
            "allow_stopping_for_update": true,
            "boot_disk": [
              {
                "auto_delete": true,
                "device_name": "fhm6ihuuql94mvcfglge",
                "disk_id": "fhm6ihuuql94mvcfglge",
                "initialize_params": [
                  {
                    "block_size": 4096,
                    "description": "",
                    "image_id": "fd8o8nvsghk661q17ffd",
                    "name": "root-node06",
                    "size": 40,
                    "snapshot_id": "",
                    "type": "network-ssd"
                  }
                ],
                "mode": "READ_WRITE"
              }
            ],
            "created_at": "2022-02-06T15:57:24Z",
            "description": "",
            "folder_id": "b1gbdtedb4koa56sb2rr",
            "fqdn": "node06.netology.yc",
            "hostname": "node06",
            "id": "fhmag68jkerpht4t0fbi",
            "labels": null,
            "metadata": {
              "ssh-keys": "centos:ssh-rsa AAAAB3NzaC1yc2EAAAADAQABAAABAQCgv8ZS0qoYho1iL8m98Mx7TGQt0VibgWLcJsHuVJlLoPCVLMrWq9+qjMYyUvuaRvsB/x/Hog6zTuhOLBoIEBI0OA5VIPmk83735GjPv1mwFB6oD9t6JTS8xqNe2gZdE5vtVPJG8e6SKBseIQwmzsGtDNi/U2GBgoIVHhcTvs7CGCRJl9OsXaOEmr8bnFL9B2JJb0z38+/QUxoXMTViZkd15Fq38B2GbnKCSqj/b1mca/zOozSngUh/5JrpdbNIVz8S2nocnISBgYeuIP2A5S2Ex1cpU4mS81gnZbT/KdhmcwtbckLO0721c8D1cpT1nAUfJWVxul1GBnProCcF11IV root@host-63\n"
            },
            "name": "node06",
            "network_acceleration_type": "standard",
            "network_interface": [
              {
                "dns_record": [],
                "index": 0,
                "ip_address": "192.168.101.16",
                "ipv4": true,
                "ipv6": false,
                "ipv6_address": "",
                "ipv6_dns_record": [],
                "mac_address": "d0:0d:a8:19:13:a3",
                "nat": true,
                "nat_dns_record": [],
                "nat_ip_address": "130.193.38.230",
                "nat_ip_version": "IPV4",
                "security_group_ids": [],
                "subnet_id": "e9bil4adei11gnq4ci14"
              }
            ],
            "placement_policy": [
              {
                "placement_group_id": ""
              }
            ],
            "platform_id": "standard-v1",
            "resources": [
              {
                "core_fraction": 100,
                "cores": 4,
                "gpus": 0,
                "memory": 8
              }
            ],
            "scheduling_policy": [
              {
                "preemptible": false
              }
            ],
            "secondary_disk": [],
            "service_account_id": "",
            "status": "running",
            "timeouts": null,
            "zone": "ru-central1-a"
          },
          "sensitive_attributes": [],
          "private": "eyJlMmJmYjczMC1lY2FhLTExZTYtOGY4OC0zNDM2M2JjN2M0YzAiOnsiY3JlYXRlIjozMDAwMDAwMDAwMDAsImRlbGV0ZSI6MzAwMDAwMDAwMDAwLCJ1cGRhdGUiOjMwMDAwMDAwMDAwMH0sInNjaGVtYV92ZXJzaW9uIjoiMSJ9",
          "dependencies": [
            "yandex_vpc_network.default",
            "yandex_vpc_subnet.default"
          ]
        }
      ]
    },
    {
      "mode": "managed",
      "type": "yandex_vpc_network",
      "name": "default",
      "provider": "provider[\"registry.terraform.io/yandex-cloud/yandex\"]",
      "instances": [
        {
          "schema_version": 0,
          "attributes": {
            "created_at": "2022-02-06T15:57:22Z",
            "default_security_group_id": "",
            "description": "",
            "folder_id": "b1gbdtedb4koa56sb2rr",
            "id": "enpg86f7jti5qobcd623",
            "labels": {},
            "name": "net",
            "subnet_ids": [],
            "timeouts": null
          },
          "sensitive_attributes": [],
          "private": "eyJlMmJmYjczMC1lY2FhLTExZTYtOGY4OC0zNDM2M2JjN2M0YzAiOnsiY3JlYXRlIjo2MDAwMDAwMDAwMCwiZGVsZXRlIjo2MDAwMDAwMDAwMCwidXBkYXRlIjo2MDAwMDAwMDAwMH19"
        }
      ]
    },
    {
      "mode": "managed",
      "type": "yandex_vpc_subnet",
      "name": "default",
      "provider": "provider[\"registry.terraform.io/yandex-cloud/yandex\"]",
      "instances": [
        {
          "schema_version": 0,
          "attributes": {
            "created_at": "2022-02-06T15:57:23Z",
            "description": "",
            "dhcp_options": [],
            "folder_id": "b1gbdtedb4koa56sb2rr",
            "id": "e9bil4adei11gnq4ci14",
            "labels": {},
            "name": "subnet",
            "network_id": "enpg86f7jti5qobcd623",
            "route_table_id": "",
            "timeouts": null,
            "v4_cidr_blocks": [
              "192.168.101.0/24"
            ],
            "v6_cidr_blocks": [],
            "zone": "ru-central1-a"
          },
          "sensitive_attributes": [],
          "private": "eyJlMmJmYjczMC1lY2FhLTExZTYtOGY4OC0zNDM2M2JjN2M0YzAiOnsiY3JlYXRlIjoxODAwMDAwMDAwMDAsImRlbGV0ZSI6MTgwMDAwMDAwMDAwLCJ1cGRhdGUiOjE4MDAwMDAwMDAwMH19",
          "dependencies": [
            "yandex_vpc_network.default"
          ]
        }
      ]
    }
  ]
}
